
Microsoft Visual Studio Solution File, Format Version 12.00
# Visual Studio Version 17
VisualStudioVersion = 17.2.32526.322
MinimumVisualStudioVersion = 10.0.40219.1
Project("{FAE04EC0-301F-11D3-BF4B-00C04F79EFBC}") = "AdoNetTask_Library", "AdoNetTask_Library\AdoNetTask_Library.csproj", "{5499245D-7E73-4929-AC92-A666A576E5C8}"
EndProject
Global
	GlobalSection(SolutionConfigurationPlatforms) = preSolution
		Debug|Any CPU = Debug|Any CPU
		Release|Any CPU = Release|Any CPU
	EndGlobalSection
	GlobalSection(ProjectConfigurationPlatforms) = postSolution
		{5499245D-7E73-4929-AC92-A666A576E5C8}.Debug|Any CPU.ActiveCfg = Debug|Any CPU
		{5499245D-7E73-4929-AC92-A666A576E5C8}.Debug|Any CPU.Build.0 = Debug|Any CPU
		{5499245D-7E73-4929-AC92-A666A576E5C8}.Release|Any CPU.ActiveCfg = Release|Any CPU
		{5499245D-7E73-4929-AC92-A666A576E5C8}.Release|Any CPU.Build.0 = Release|Any CPU
	EndGlobalSection
	GlobalSection(SolutionProperties) = preSolution
		HideSolutionNode = FALSE
	EndGlobalSection
	GlobalSection(ExtensibilityGlobals) = postSolution
		SolutionGuid = {6768E3E9-0580-419F-AC58-C99C434C5A4A}
	EndGlobalSection
EndGlobal
